<?xml version="1.0" encoding="utf-8"?>
<Project ToolsVersion="4.0" xmlns="http://schemas.microsoft.com/developer/msbuild/2003">
  <ItemGroup>
    <Filter Include="Source Files">
      <UniqueIdentifier>{4FC737F1-C7A5-4376-A066-2A32D752A2FF}</UniqueIdentifier>
      <Extensions>cpp;c;cc;cxx;def;odl;idl;hpj;bat;asm;asmx</Extensions>
    </Filter>
    <Filter Include="Header Files">
      <UniqueIdentifier>{93995380-89BD-4b04-88EB-625FBE52EBFB}</UniqueIdentifier>
      <Extensions>h;hh;hpp;hxx;hm;inl;inc;xsd</Extensions>
    </Filter>
    <Filter Include="Resource Files">
      <UniqueIdentifier>{67DA6AB6-F800-4c08-8B7A-83BB121AAD01}</UniqueIdentifier>
      <Extensions>rc;ico;cur;bmp;dlg;rc2;rct;bin;rgs;gif;jpg;jpeg;jpe;resx;tiff;tif;png;wav</Extensions>
    </Filter>
  </ItemGroup>
  <ItemGroup>
    <None Include="kernel\boot\BOOT1 - Copy.ASM">
      <Filter>Source Files</Filter>
    </None>
    <None Include="kernel\boot\BOOT1.ASM">
      <Filter>Source Files</Filter>
    </None>
    <None Include="kernel\boot\BOOT2.ASM">
      <Filter>Source Files</Filter>
    </None>
    <None Include="kernel\boot\TRAMP.asm">
      <Filter>Source Files</Filter>
    </None>
    <None Include="kernel\boot\old\BOOT1 - Copy.ASM">
      <Filter>Source Files</Filter>
    </None>
    <None Include="kernel\boot\old\STAGE1 good.asm">
      <Filter>Source Files</Filter>
    </None>
    <None Include="kernel\boot\old\STAGE1 new other.asm">
      <Filter>Source Files</Filter>
    </None>
    <None Include="kernel\boot\old\STAGE2.asm">
      <Filter>Source Files</Filter>
    </None>
    <None Include="kernel\boot\old\TRAMP2 (this is the old one, it works, but we%27re trying to see the smallest size possible, so we%27re keeping a backup) - Copy.asm">
      <Filter>Source Files</Filter>
    </None>
    <None Include="kernel\x86\boot.asm">
      <Filter>Source Files</Filter>
    </None>
    <None Include="kernel\x86\hardware.asm">
      <Filter>Source Files</Filter>
    </None>
    <None Include="kernel\x86-64\boot.asm">
      <Filter>Source Files</Filter>
    </None>
    <None Include="kernel\x86-64\hardware.asm">
      <Filter>Source Files</Filter>
    </None>
    <None Include="kernel\boot\FAT.INC">
      <Filter>Header Files</Filter>
    </None>
    <None Include="kernel\boot\FIRST.INC">
      <Filter>Header Files</Filter>
    </None>
    <None Include="kernel\boot\GDT.INC">
      <Filter>Header Files</Filter>
    </None>
    <None Include="kernel\boot\PMODEWRAP.INC">
      <Filter>Header Files</Filter>
    </None>
    <None Include="kernel\boot\VESA.INC">
      <Filter>Header Files</Filter>
    </None>
    <None Include="kernel\boot\old\A20.inc">
      <Filter>Header Files</Filter>
    </None>
    <None Include="kernel\boot\old\common.inc">
      <Filter>Header Files</Filter>
    </None>
    <None Include="kernel\boot\old\Fat12.inc">
      <Filter>Header Files</Filter>
    </None>
    <None Include="kernel\boot\old\Floppy16.inc">
      <Filter>Header Files</Filter>
    </None>
    <None Include="kernel\boot\old\Gdt.inc">
      <Filter>Header Files</Filter>
    </None>
    <None Include="kernel\boot\old\stdio.inc">
      <Filter>Header Files</Filter>
    </None>
    <None Include="kernel\STAGE1.bin">
      <Filter>Resource Files</Filter>
    </None>
  </ItemGroup>
  <ItemGroup>
    <ClCompile Include="kernel\core\gdt.cpp">
      <Filter>Source Files</Filter>
    </ClCompile>
    <ClCompile Include="kernel\core\main.cpp">
      <Filter>Source Files</Filter>
    </ClCompile>
    <ClCompile Include="kernel\core\terminal.cpp">
      <Filter>Source Files</Filter>
    </ClCompile>
    <ClCompile Include="kernel\hw\ports.cpp">
      <Filter>Source Files</Filter>
    </ClCompile>
  </ItemGroup>
  <ItemGroup>
    <ClInclude Include="kernel\core\gdt.hpp">
      <Filter>Header Files</Filter>
    </ClInclude>
    <ClInclude Include="kernel\core\main.hpp">
      <Filter>Header Files</Filter>
    </ClInclude>
    <ClInclude Include="kernel\core\terminal.hpp">
      <Filter>Header Files</Filter>
    </ClInclude>
    <ClInclude Include="kernel\hw\ports.hpp">
      <Filter>Header Files</Filter>
    </ClInclude>
  </ItemGroup>
</Project>